// !$*UTF8*$!
{
	archiveVersion = 1;
	classes = {
	};
	objectVersion = 50;
	objects = {

/* Begin PBXBuildFile section */
		B42F2B0F22AC303F00EB4FAA /* AppsIconLargeCollectionViewCell.swift in Sources */ = {isa = PBXBuildFile; fileRef = B42F2B0D22AC303F00EB4FAA /* AppsIconLargeCollectionViewCell.swift */; };
		B42F2B1022AC303F00EB4FAA /* AppsIconLargeCollectionViewCell.xib in Resources */ = {isa = PBXBuildFile; fileRef = B42F2B0E22AC303F00EB4FAA /* AppsIconLargeCollectionViewCell.xib */; };
		B42F2B1322AC325800EB4FAA /* AppsIconMediumCollectionViewCell.swift in Sources */ = {isa = PBXBuildFile; fileRef = B42F2B1122AC325800EB4FAA /* AppsIconMediumCollectionViewCell.swift */; };
		B42F2B1422AC325800EB4FAA /* AppsIconMediumCollectionViewCell.xib in Resources */ = {isa = PBXBuildFile; fileRef = B42F2B1222AC325800EB4FAA /* AppsIconMediumCollectionViewCell.xib */; };
		B42F2B1722AC3BC200EB4FAA /* AppsIconSmallCollectionViewCell.swift in Sources */ = {isa = PBXBuildFile; fileRef = B42F2B1522AC3BC200EB4FAA /* AppsIconSmallCollectionViewCell.swift */; };
		B42F2B1822AC3BC200EB4FAA /* AppsIconSmallCollectionViewCell.xib in Resources */ = {isa = PBXBuildFile; fileRef = B42F2B1622AC3BC200EB4FAA /* AppsIconSmallCollectionViewCell.xib */; };
		B4CE229022AC0D6300CF11D2 /* AppDelegate.swift in Sources */ = {isa = PBXBuildFile; fileRef = B4CE228F22AC0D6300CF11D2 /* AppDelegate.swift */; };
		B4CE229222AC0D6300CF11D2 /* SceneDelegate.swift in Sources */ = {isa = PBXBuildFile; fileRef = B4CE229122AC0D6300CF11D2 /* SceneDelegate.swift */; };
		B4CE229722AC0D6300CF11D2 /* Main.storyboard in Resources */ = {isa = PBXBuildFile; fileRef = B4CE229522AC0D6300CF11D2 /* Main.storyboard */; };
		B4CE229922AC0D6300CF11D2 /* Assets.xcassets in Resources */ = {isa = PBXBuildFile; fileRef = B4CE229822AC0D6300CF11D2 /* Assets.xcassets */; };
		B4CE229C22AC0D6300CF11D2 /* LaunchScreen.storyboard in Resources */ = {isa = PBXBuildFile; fileRef = B4CE229A22AC0D6300CF11D2 /* LaunchScreen.storyboard */; };
		B4CE22A422AC0DE300CF11D2 /* AppsViewController.swift in Sources */ = {isa = PBXBuildFile; fileRef = B4CE22A322AC0DE300CF11D2 /* AppsViewController.swift */; };
		B4CE22A622AC0E0B00CF11D2 /* TodayViewController.swift in Sources */ = {isa = PBXBuildFile; fileRef = B4CE22A522AC0E0B00CF11D2 /* TodayViewController.swift */; };
		B4CE22A822AC0E2C00CF11D2 /* UpdatesViewController.swift in Sources */ = {isa = PBXBuildFile; fileRef = B4CE22A722AC0E2C00CF11D2 /* UpdatesViewController.swift */; };
		B4CE22AA22AC0E4B00CF11D2 /* SearchViewController.swift in Sources */ = {isa = PBXBuildFile; fileRef = B4CE22A922AC0E4B00CF11D2 /* SearchViewController.swift */; };
		B4CE22C322AC14EA00CF11D2 /* Games.storyboard in Resources */ = {isa = PBXBuildFile; fileRef = B4CE22B922AC14E900CF11D2 /* Games.storyboard */; };
		B4CE22C422AC14EA00CF11D2 /* Updates.storyboard in Resources */ = {isa = PBXBuildFile; fileRef = B4CE22BB22AC14EA00CF11D2 /* Updates.storyboard */; };
		B4CE22C522AC14EA00CF11D2 /* Today.storyboard in Resources */ = {isa = PBXBuildFile; fileRef = B4CE22BD22AC14EA00CF11D2 /* Today.storyboard */; };
		B4CE22C622AC14EA00CF11D2 /* Search.storyboard in Resources */ = {isa = PBXBuildFile; fileRef = B4CE22BF22AC14EA00CF11D2 /* Search.storyboard */; };
		B4CE22C722AC14EA00CF11D2 /* Apps.storyboard in Resources */ = {isa = PBXBuildFile; fileRef = B4CE22C122AC14EA00CF11D2 /* Apps.storyboard */; };
		B4CE22C922AC16B000CF11D2 /* AppsSection.swift in Sources */ = {isa = PBXBuildFile; fileRef = B4CE22C822AC16B000CF11D2 /* AppsSection.swift */; };
		B4CE22CE22AC17EC00CF11D2 /* AppsItem.swift in Sources */ = {isa = PBXBuildFile; fileRef = B4CE22CD22AC17EC00CF11D2 /* AppsItem.swift */; };
		B4CE22D222AC19CE00CF11D2 /* AppsGalleryLargeCollectionViewCell.swift in Sources */ = {isa = PBXBuildFile; fileRef = B4CE22D022AC19CE00CF11D2 /* AppsGalleryLargeCollectionViewCell.swift */; };
		B4CE22D322AC19CE00CF11D2 /* AppsGalleryLargeCollectionViewCell.xib in Resources */ = {isa = PBXBuildFile; fileRef = B4CE22D122AC19CE00CF11D2 /* AppsGalleryLargeCollectionViewCell.xib */; };
		B4CE22D522AC19E500CF11D2 /* AppsCollectionViewCell.swift in Sources */ = {isa = PBXBuildFile; fileRef = B4CE22D422AC19E500CF11D2 /* AppsCollectionViewCell.swift */; };
		B4CE22D722AC1C3000CF11D2 /* PreviewAssets.xcassets in Resources */ = {isa = PBXBuildFile; fileRef = B4CE22D622AC1C3000CF11D2 /* PreviewAssets.xcassets */; };
		B4CE22DA22AC1E4E00CF11D2 /* AppsGalleryMediumCollectionViewCell.swift in Sources */ = {isa = PBXBuildFile; fileRef = B4CE22D822AC1E4E00CF11D2 /* AppsGalleryMediumCollectionViewCell.swift */; };
		B4CE22DB22AC1E4E00CF11D2 /* AppsGalleryMediumCollectionViewCell.xib in Resources */ = {isa = PBXBuildFile; fileRef = B4CE22D922AC1E4E00CF11D2 /* AppsGalleryMediumCollectionViewCell.xib */; };
		B4DAE9E322AD437D0053418B /* AppsSectionHeaderCollectionReusableView.swift in Sources */ = {isa = PBXBuildFile; fileRef = B4DAE9E122AD437D0053418B /* AppsSectionHeaderCollectionReusableView.swift */; };
		B4DAE9E422AD437D0053418B /* AppsSectionHeaderCollectionReusableView.xib in Resources */ = {isa = PBXBuildFile; fileRef = B4DAE9E222AD437D0053418B /* AppsSectionHeaderCollectionReusableView.xib */; };
/* End PBXBuildFile section */

/* Begin PBXFileReference section */
		B42F2B0D22AC303F00EB4FAA /* AppsIconLargeCollectionViewCell.swift */ = {isa = PBXFileReference; lastKnownFileType = sourcecode.swift; path = AppsIconLargeCollectionViewCell.swift; sourceTree = "<group>"; };
		B42F2B0E22AC303F00EB4FAA /* AppsIconLargeCollectionViewCell.xib */ = {isa = PBXFileReference; lastKnownFileType = file.xib; path = AppsIconLargeCollectionViewCell.xib; sourceTree = "<group>"; };
		B42F2B1122AC325800EB4FAA /* AppsIconMediumCollectionViewCell.swift */ = {isa = PBXFileReference; lastKnownFileType = sourcecode.swift; path = AppsIconMediumCollectionViewCell.swift; sourceTree = "<group>"; };
		B42F2B1222AC325800EB4FAA /* AppsIconMediumCollectionViewCell.xib */ = {isa = PBXFileReference; lastKnownFileType = file.xib; path = AppsIconMediumCollectionViewCell.xib; sourceTree = "<group>"; };
		B42F2B1522AC3BC200EB4FAA /* AppsIconSmallCollectionViewCell.swift */ = {isa = PBXFileReference; lastKnownFileType = sourcecode.swift; path = AppsIconSmallCollectionViewCell.swift; sourceTree = "<group>"; };
		B42F2B1622AC3BC200EB4FAA /* AppsIconSmallCollectionViewCell.xib */ = {isa = PBXFileReference; lastKnownFileType = file.xib; path = AppsIconSmallCollectionViewCell.xib; sourceTree = "<group>"; };
		B4CE228C22AC0D6300CF11D2 /* AppStoreLayout.app */ = {isa = PBXFileReference; explicitFileType = wrapper.application; includeInIndex = 0; path = AppStoreLayout.app; sourceTree = BUILT_PRODUCTS_DIR; };
		B4CE228F22AC0D6300CF11D2 /* AppDelegate.swift */ = {isa = PBXFileReference; lastKnownFileType = sourcecode.swift; path = AppDelegate.swift; sourceTree = "<group>"; };
		B4CE229122AC0D6300CF11D2 /* SceneDelegate.swift */ = {isa = PBXFileReference; lastKnownFileType = sourcecode.swift; path = SceneDelegate.swift; sourceTree = "<group>"; };
		B4CE229622AC0D6300CF11D2 /* Base */ = {isa = PBXFileReference; lastKnownFileType = file.storyboard; name = Base; path = Base.lproj/Main.storyboard; sourceTree = "<group>"; };
		B4CE229822AC0D6300CF11D2 /* Assets.xcassets */ = {isa = PBXFileReference; lastKnownFileType = folder.assetcatalog; path = Assets.xcassets; sourceTree = "<group>"; };
		B4CE229B22AC0D6300CF11D2 /* Base */ = {isa = PBXFileReference; lastKnownFileType = file.storyboard; name = Base; path = Base.lproj/LaunchScreen.storyboard; sourceTree = "<group>"; };
		B4CE229D22AC0D6300CF11D2 /* Info.plist */ = {isa = PBXFileReference; lastKnownFileType = text.plist.xml; path = Info.plist; sourceTree = "<group>"; };
		B4CE22A322AC0DE300CF11D2 /* AppsViewController.swift */ = {isa = PBXFileReference; lastKnownFileType = sourcecode.swift; path = AppsViewController.swift; sourceTree = "<group>"; };
		B4CE22A522AC0E0B00CF11D2 /* TodayViewController.swift */ = {isa = PBXFileReference; lastKnownFileType = sourcecode.swift; path = TodayViewController.swift; sourceTree = "<group>"; };
		B4CE22A722AC0E2C00CF11D2 /* UpdatesViewController.swift */ = {isa = PBXFileReference; lastKnownFileType = sourcecode.swift; path = UpdatesViewController.swift; sourceTree = "<group>"; };
		B4CE22A922AC0E4B00CF11D2 /* SearchViewController.swift */ = {isa = PBXFileReference; lastKnownFileType = sourcecode.swift; path = SearchViewController.swift; sourceTree = "<group>"; };
		B4CE22BA22AC14E900CF11D2 /* Base */ = {isa = PBXFileReference; lastKnownFileType = file.storyboard; name = Base; path = Base.lproj/Games.storyboard; sourceTree = "<group>"; };
		B4CE22BC22AC14EA00CF11D2 /* Base */ = {isa = PBXFileReference; lastKnownFileType = file.storyboard; name = Base; path = Base.lproj/Updates.storyboard; sourceTree = "<group>"; };
		B4CE22BE22AC14EA00CF11D2 /* Base */ = {isa = PBXFileReference; lastKnownFileType = file.storyboard; name = Base; path = Base.lproj/Today.storyboard; sourceTree = "<group>"; };
		B4CE22C022AC14EA00CF11D2 /* Base */ = {isa = PBXFileReference; lastKnownFileType = file.storyboard; name = Base; path = Base.lproj/Search.storyboard; sourceTree = "<group>"; };
		B4CE22C222AC14EA00CF11D2 /* Base */ = {isa = PBXFileReference; lastKnownFileType = file.storyboard; name = Base; path = Base.lproj/Apps.storyboard; sourceTree = "<group>"; };
		B4CE22C822AC16B000CF11D2 /* AppsSection.swift */ = {isa = PBXFileReference; lastKnownFileType = sourcecode.swift; path = AppsSection.swift; sourceTree = "<group>"; };
		B4CE22CD22AC17EC00CF11D2 /* AppsItem.swift */ = {isa = PBXFileReference; lastKnownFileType = sourcecode.swift; path = AppsItem.swift; sourceTree = "<group>"; };
		B4CE22D022AC19CE00CF11D2 /* AppsGalleryLargeCollectionViewCell.swift */ = {isa = PBXFileReference; lastKnownFileType = sourcecode.swift; path = AppsGalleryLargeCollectionViewCell.swift; sourceTree = "<group>"; };
		B4CE22D122AC19CE00CF11D2 /* AppsGalleryLargeCollectionViewCell.xib */ = {isa = PBXFileReference; lastKnownFileType = file.xib; path = AppsGalleryLargeCollectionViewCell.xib; sourceTree = "<group>"; };
		B4CE22D422AC19E500CF11D2 /* AppsCollectionViewCell.swift */ = {isa = PBXFileReference; lastKnownFileType = sourcecode.swift; path = AppsCollectionViewCell.swift; sourceTree = "<group>"; };
		B4CE22D622AC1C3000CF11D2 /* PreviewAssets.xcassets */ = {isa = PBXFileReference; lastKnownFileType = folder.assetcatalog; path = PreviewAssets.xcassets; sourceTree = "<group>"; };
		B4CE22D822AC1E4E00CF11D2 /* AppsGalleryMediumCollectionViewCell.swift */ = {isa = PBXFileReference; lastKnownFileType = sourcecode.swift; path = AppsGalleryMediumCollectionViewCell.swift; sourceTree = "<group>"; };
		B4CE22D922AC1E4E00CF11D2 /* AppsGalleryMediumCollectionViewCell.xib */ = {isa = PBXFileReference; lastKnownFileType = file.xib; path = AppsGalleryMediumCollectionViewCell.xib; sourceTree = "<group>"; };
		B4DAE9E122AD437D0053418B /* AppsSectionHeaderCollectionReusableView.swift */ = {isa = PBXFileReference; lastKnownFileType = sourcecode.swift; path = AppsSectionHeaderCollectionReusableView.swift; sourceTree = "<group>"; };
		B4DAE9E222AD437D0053418B /* AppsSectionHeaderCollectionReusableView.xib */ = {isa = PBXFileReference; lastKnownFileType = file.xib; path = AppsSectionHeaderCollectionReusableView.xib; sourceTree = "<group>"; };
/* End PBXFileReference section */

/* Begin PBXFrameworksBuildPhase section */
		B4CE228922AC0D6300CF11D2 /* Frameworks */ = {
			isa = PBXFrameworksBuildPhase;
			buildActionMask = 2147483647;
			files = (
			);
			runOnlyForDeploymentPostprocessing = 0;
		};
/* End PBXFrameworksBuildPhase section */

/* Begin PBXGroup section */
		B4CE228322AC0D6300CF11D2 = {
			isa = PBXGroup;
			children = (
				B4CE228E22AC0D6300CF11D2 /* AppStoreLayout */,
				B4CE228D22AC0D6300CF11D2 /* Products */,
			);
			sourceTree = "<group>";
		};
		B4CE228D22AC0D6300CF11D2 /* Products */ = {
			isa = PBXGroup;
			children = (
				B4CE228C22AC0D6300CF11D2 /* AppStoreLayout.app */,
			);
			name = Products;
			sourceTree = "<group>";
		};
		B4CE228E22AC0D6300CF11D2 /* AppStoreLayout */ = {
			isa = PBXGroup;
			children = (
				B4CE22CC22AC16CA00CF11D2 /* Layout */,
				B4CE22CF22AC191400CF11D2 /* Cells */,
				B4CE22CB22AC16BD00CF11D2 /* ViewControllers */,
				B4CE22CA22AC16B600CF11D2 /* Model */,
				B4CE228F22AC0D6300CF11D2 /* AppDelegate.swift */,
				B4CE229122AC0D6300CF11D2 /* SceneDelegate.swift */,
				B4CE229822AC0D6300CF11D2 /* Assets.xcassets */,
				B4CE22D622AC1C3000CF11D2 /* PreviewAssets.xcassets */,
				B4CE229A22AC0D6300CF11D2 /* LaunchScreen.storyboard */,
				B4CE229D22AC0D6300CF11D2 /* Info.plist */,
			);
			path = AppStoreLayout;
			sourceTree = "<group>";
		};
		B4CE22CA22AC16B600CF11D2 /* Model */ = {
			isa = PBXGroup;
			children = (
				B4CE22C822AC16B000CF11D2 /* AppsSection.swift */,
				B4CE22CD22AC17EC00CF11D2 /* AppsItem.swift */,
			);
			path = Model;
			sourceTree = "<group>";
		};
		B4CE22CB22AC16BD00CF11D2 /* ViewControllers */ = {
			isa = PBXGroup;
			children = (
				B4CE22A522AC0E0B00CF11D2 /* TodayViewController.swift */,
				B4CE22A322AC0DE300CF11D2 /* AppsViewController.swift */,
				B4CE22A722AC0E2C00CF11D2 /* UpdatesViewController.swift */,
				B4CE22A922AC0E4B00CF11D2 /* SearchViewController.swift */,
			);
			path = ViewControllers;
			sourceTree = "<group>";
		};
		B4CE22CC22AC16CA00CF11D2 /* Layout */ = {
			isa = PBXGroup;
			children = (
				B4CE229522AC0D6300CF11D2 /* Main.storyboard */,
				B4CE22BD22AC14EA00CF11D2 /* Today.storyboard */,
				B4CE22B922AC14E900CF11D2 /* Games.storyboard */,
				B4CE22C122AC14EA00CF11D2 /* Apps.storyboard */,
				B4CE22BB22AC14EA00CF11D2 /* Updates.storyboard */,
				B4CE22BF22AC14EA00CF11D2 /* Search.storyboard */,
			);
			path = Layout;
			sourceTree = "<group>";
		};
		B4CE22CF22AC191400CF11D2 /* Cells */ = {
			isa = PBXGroup;
			children = (
				B4CE22D422AC19E500CF11D2 /* AppsCollectionViewCell.swift */,
				B4CE22D022AC19CE00CF11D2 /* AppsGalleryLargeCollectionViewCell.swift */,
				B4CE22D122AC19CE00CF11D2 /* AppsGalleryLargeCollectionViewCell.xib */,
				B4CE22D822AC1E4E00CF11D2 /* AppsGalleryMediumCollectionViewCell.swift */,
				B4CE22D922AC1E4E00CF11D2 /* AppsGalleryMediumCollectionViewCell.xib */,
				B42F2B0D22AC303F00EB4FAA /* AppsIconLargeCollectionViewCell.swift */,
				B42F2B0E22AC303F00EB4FAA /* AppsIconLargeCollectionViewCell.xib */,
				B42F2B1122AC325800EB4FAA /* AppsIconMediumCollectionViewCell.swift */,
				B42F2B1222AC325800EB4FAA /* AppsIconMediumCollectionViewCell.xib */,
				B42F2B1522AC3BC200EB4FAA /* AppsIconSmallCollectionViewCell.swift */,
				B42F2B1622AC3BC200EB4FAA /* AppsIconSmallCollectionViewCell.xib */,
				B4DAE9E122AD437D0053418B /* AppsSectionHeaderCollectionReusableView.swift */,
				B4DAE9E222AD437D0053418B /* AppsSectionHeaderCollectionReusableView.xib */,
			);
			path = Cells;
			sourceTree = "<group>";
		};
/* End PBXGroup section */

/* Begin PBXNativeTarget section */
		B4CE228B22AC0D6300CF11D2 /* AppStoreLayout */ = {
			isa = PBXNativeTarget;
			buildConfigurationList = B4CE22A022AC0D6300CF11D2 /* Build configuration list for PBXNativeTarget "AppStoreLayout" */;
			buildPhases = (
				B4CE228822AC0D6300CF11D2 /* Sources */,
				B4CE228922AC0D6300CF11D2 /* Frameworks */,
				B4CE228A22AC0D6300CF11D2 /* Resources */,
			);
			buildRules = (
			);
			dependencies = (
			);
			name = AppStoreLayout;
			productName = AppStoreLayout;
			productReference = B4CE228C22AC0D6300CF11D2 /* AppStoreLayout.app */;
			productType = "com.apple.product-type.application";
		};
/* End PBXNativeTarget section */

/* Begin PBXProject section */
		B4CE228422AC0D6300CF11D2 /* Project object */ = {
			isa = PBXProject;
			attributes = {
				LastSwiftUpdateCheck = 1100;
				LastUpgradeCheck = 1100;
				ORGANIZATIONNAME = "Juan Laube";
				TargetAttributes = {
					B4CE228B22AC0D6300CF11D2 = {
						CreatedOnToolsVersion = 11.0;
					};
				};
			};
			buildConfigurationList = B4CE228722AC0D6300CF11D2 /* Build configuration list for PBXProject "AppStoreLayout" */;
			compatibilityVersion = "Xcode 9.3";
			developmentRegion = en;
			hasScannedForEncodings = 0;
			knownRegions = (
				en,
				Base,
			);
			mainGroup = B4CE228322AC0D6300CF11D2;
			productRefGroup = B4CE228D22AC0D6300CF11D2 /* Products */;
			projectDirPath = "";
			projectRoot = "";
			targets = (
				B4CE228B22AC0D6300CF11D2 /* AppStoreLayout */,
			);
		};
/* End PBXProject section */

/* Begin PBXResourcesBuildPhase section */
		B4CE228A22AC0D6300CF11D2 /* Resources */ = {
			isa = PBXResourcesBuildPhase;
			buildActionMask = 2147483647;
			files = (
				B4CE22C522AC14EA00CF11D2 /* Today.storyboard in Resources */,
				B42F2B1822AC3BC200EB4FAA /* AppsIconSmallCollectionViewCell.xib in Resources */,
				B42F2B1422AC325800EB4FAA /* AppsIconMediumCollectionViewCell.xib in Resources */,
				B4CE22DB22AC1E4E00CF11D2 /* AppsGalleryMediumCollectionViewCell.xib in Resources */,
				B4CE22C422AC14EA00CF11D2 /* Updates.storyboard in Resources */,
				B42F2B1022AC303F00EB4FAA /* AppsIconLargeCollectionViewCell.xib in Resources */,
				B4DAE9E422AD437D0053418B /* AppsSectionHeaderCollectionReusableView.xib in Resources */,
				B4CE22C722AC14EA00CF11D2 /* Apps.storyboard in Resources */,
				B4CE22D722AC1C3000CF11D2 /* PreviewAssets.xcassets in Resources */,
				B4CE22C322AC14EA00CF11D2 /* Games.storyboard in Resources */,
				B4CE229C22AC0D6300CF11D2 /* LaunchScreen.storyboard in Resources */,
				B4CE22C622AC14EA00CF11D2 /* Search.storyboard in Resources */,
				B4CE22D322AC19CE00CF11D2 /* AppsGalleryLargeCollectionViewCell.xib in Resources */,
				B4CE229722AC0D6300CF11D2 /* Main.storyboard in Resources */,
				B4CE229922AC0D6300CF11D2 /* Assets.xcassets in Resources */,
			);
			runOnlyForDeploymentPostprocessing = 0;
		};
/* End PBXResourcesBuildPhase section */

/* Begin PBXSourcesBuildPhase section */
		B4CE228822AC0D6300CF11D2 /* Sources */ = {
			isa = PBXSourcesBuildPhase;
			buildActionMask = 2147483647;
			files = (
				B4CE22DA22AC1E4E00CF11D2 /* AppsGalleryMediumCollectionViewCell.swift in Sources */,
				B4CE22D222AC19CE00CF11D2 /* AppsGalleryLargeCollectionViewCell.swift in Sources */,
				B4CE22AA22AC0E4B00CF11D2 /* SearchViewController.swift in Sources */,
				B4CE22A622AC0E0B00CF11D2 /* TodayViewController.swift in Sources */,
				B4CE22C922AC16B000CF11D2 /* AppsSection.swift in Sources */,
				B4CE22D522AC19E500CF11D2 /* AppsCollectionViewCell.swift in Sources */,
				B42F2B1322AC325800EB4FAA /* AppsIconMediumCollectionViewCell.swift in Sources */,
				B4CE22A822AC0E2C00CF11D2 /* UpdatesViewController.swift in Sources */,
				B4DAE9E322AD437D0053418B /* AppsSectionHeaderCollectionReusableView.swift in Sources */,
				B4CE22CE22AC17EC00CF11D2 /* AppsItem.swift in Sources */,
				B4CE229022AC0D6300CF11D2 /* AppDelegate.swift in Sources */,
				B4CE229222AC0D6300CF11D2 /* SceneDelegate.swift in Sources */,
				B42F2B1722AC3BC200EB4FAA /* AppsIconSmallCollectionViewCell.swift in Sources */,
				B4CE22A422AC0DE300CF11D2 /* AppsViewController.swift in Sources */,
				B42F2B0F22AC303F00EB4FAA /* AppsIconLargeCollectionViewCell.swift in Sources */,
			);
			runOnlyForDeploymentPostprocessing = 0;
		};
/* End PBXSourcesBuildPhase section */

/* Begin PBXVariantGroup section */
		B4CE229522AC0D6300CF11D2 /* Main.storyboard */ = {
			isa = PBXVariantGroup;
			children = (
				B4CE229622AC0D6300CF11D2 /* Base */,
			);
			name = Main.storyboard;
			sourceTree = "<group>";
		};
		B4CE229A22AC0D6300CF11D2 /* LaunchScreen.storyboard */ = {
			isa = PBXVariantGroup;
			children = (
				B4CE229B22AC0D6300CF11D2 /* Base */,
			);
			name = LaunchScreen.storyboard;
			sourceTree = "<group>";
		};
		B4CE22B922AC14E900CF11D2 /* Games.storyboard */ = {
			isa = PBXVariantGroup;
			children = (
				B4CE22BA22AC14E900CF11D2 /* Base */,
			);
			name = Games.storyboard;
			sourceTree = "<group>";
		};
		B4CE22BB22AC14EA00CF11D2 /* Updates.storyboard */ = {
			isa = PBXVariantGroup;
			children = (
				B4CE22BC22AC14EA00CF11D2 /* Base */,
			);
			name = Updates.storyboard;
			sourceTree = "<group>";
		};
		B4CE22BD22AC14EA00CF11D2 /* Today.storyboard */ = {
			isa = PBXVariantGroup;
			children = (
				B4CE22BE22AC14EA00CF11D2 /* Base */,
			);
			name = Today.storyboard;
			sourceTree = "<group>";
		};
		B4CE22BF22AC14EA00CF11D2 /* Search.storyboard */ = {
			isa = PBXVariantGroup;
			children = (
				B4CE22C022AC14EA00CF11D2 /* Base */,
			);
			name = Search.storyboard;
			sourceTree = "<group>";
		};
		B4CE22C122AC14EA00CF11D2 /* Apps.storyboard */ = {
			isa = PBXVariantGroup;
			children = (
				B4CE22C222AC14EA00CF11D2 /* Base */,
			);
			name = Apps.storyboard;
			sourceTree = "<group>";
		};
/* End PBXVariantGroup section */

/* Begin XCBuildConfiguration section */
		B4CE229E22AC0D6300CF11D2 /* Debug */ = {
			isa = XCBuildConfiguration;
			buildSettings = {
				ALWAYS_SEARCH_USER_PATHS = NO;
				CLANG_ANALYZER_NONNULL = YES;
				CLANG_ANALYZER_NUMBER_OBJECT_CONVERSION = YES_AGGRESSIVE;
				CLANG_CXX_LANGUAGE_STANDARD = "gnu++14";
				CLANG_CXX_LIBRARY = "libc++";
				CLANG_ENABLE_MODULES = YES;
				CLANG_ENABLE_OBJC_ARC = YES;
				CLANG_ENABLE_OBJC_WEAK = YES;
				CLANG_WARN_BLOCK_CAPTURE_AUTORELEASING = YES;
				CLANG_WARN_BOOL_CONVERSION = YES;
				CLANG_WARN_COMMA = YES;
				CLANG_WARN_CONSTANT_CONVERSION = YES;
				CLANG_WARN_DEPRECATED_OBJC_IMPLEMENTATIONS = YES;
				CLANG_WARN_DIRECT_OBJC_ISA_USAGE = YES_ERROR;
				CLANG_WARN_DOCUMENTATION_COMMENTS = YES;
				CLANG_WARN_EMPTY_BODY = YES;
				CLANG_WARN_ENUM_CONVERSION = YES;
				CLANG_WARN_INFINITE_RECURSION = YES;
				CLANG_WARN_INT_CONVERSION = YES;
				CLANG_WARN_NON_LITERAL_NULL_CONVERSION = YES;
				CLANG_WARN_OBJC_IMPLICIT_RETAIN_SELF = YES;
				CLANG_WARN_OBJC_LITERAL_CONVERSION = YES;
				CLANG_WARN_OBJC_ROOT_CLASS = YES_ERROR;
				CLANG_WARN_RANGE_LOOP_ANALYSIS = YES;
				CLANG_WARN_STRICT_PROTOTYPES = YES;
				CLANG_WARN_SUSPICIOUS_MOVE = YES;
				CLANG_WARN_UNGUARDED_AVAILABILITY = YES_AGGRESSIVE;
				CLANG_WARN_UNREACHABLE_CODE = YES;
				CLANG_WARN__DUPLICATE_METHOD_MATCH = YES;
				COPY_PHASE_STRIP = NO;
				DEBUG_INFORMATION_FORMAT = dwarf;
				ENABLE_STRICT_OBJC_MSGSEND = YES;
				ENABLE_TESTABILITY = YES;
				GCC_C_LANGUAGE_STANDARD = gnu11;
				GCC_DYNAMIC_NO_PIC = NO;
				GCC_NO_COMMON_BLOCKS = YES;
				GCC_OPTIMIZATION_LEVEL = 0;
				GCC_PREPROCESSOR_DEFINITIONS = (
					"DEBUG=1",
					"$(inherited)",
				);
				GCC_WARN_64_TO_32_BIT_CONVERSION = YES;
				GCC_WARN_ABOUT_RETURN_TYPE = YES_ERROR;
				GCC_WARN_UNDECLARED_SELECTOR = YES;
				GCC_WARN_UNINITIALIZED_AUTOS = YES_AGGRESSIVE;
				GCC_WARN_UNUSED_FUNCTION = YES;
				GCC_WARN_UNUSED_VARIABLE = YES;
				IPHONEOS_DEPLOYMENT_TARGET = 13.0;
				MTL_ENABLE_DEBUG_INFO = INCLUDE_SOURCE;
				MTL_FAST_MATH = YES;
				ONLY_ACTIVE_ARCH = YES;
				SDKROOT = iphoneos;
				SWIFT_ACTIVE_COMPILATION_CONDITIONS = DEBUG;
				SWIFT_OPTIMIZATION_LEVEL = "-Onone";
			};
			name = Debug;
		};
		B4CE229F22AC0D6300CF11D2 /* Release */ = {
			isa = XCBuildConfiguration;
			buildSettings = {
				ALWAYS_SEARCH_USER_PATHS = NO;
				CLANG_ANALYZER_NONNULL = YES;
				CLANG_ANALYZER_NUMBER_OBJECT_CONVERSION = YES_AGGRESSIVE;
				CLANG_CXX_LANGUAGE_STANDARD = "gnu++14";
				CLANG_CXX_LIBRARY = "libc++";
				CLANG_ENABLE_MODULES = YES;
				CLANG_ENABLE_OBJC_ARC = YES;
				CLANG_ENABLE_OBJC_WEAK = YES;
				CLANG_WARN_BLOCK_CAPTURE_AUTORELEASING = YES;
				CLANG_WARN_BOOL_CONVERSION = YES;
				CLANG_WARN_COMMA = YES;
				CLANG_WARN_CONSTANT_CONVERSION = YES;
				CLANG_WARN_DEPRECATED_OBJC_IMPLEMENTATIONS = YES;
				CLANG_WARN_DIRECT_OBJC_ISA_USAGE = YES_ERROR;
				CLANG_WARN_DOCUMENTATION_COMMENTS = YES;
				CLANG_WARN_EMPTY_BODY = YES;
				CLANG_WARN_ENUM_CONVERSION = YES;
				CLANG_WARN_INFINITE_RECURSION = YES;
				CLANG_WARN_INT_CONVERSION = YES;
				CLANG_WARN_NON_LITERAL_NULL_CONVERSION = YES;
				CLANG_WARN_OBJC_IMPLICIT_RETAIN_SELF = YES;
				CLANG_WARN_OBJC_LITERAL_CONVERSION = YES;
				CLANG_WARN_OBJC_ROOT_CLASS = YES_ERROR;
				CLANG_WARN_RANGE_LOOP_ANALYSIS = YES;
				CLANG_WARN_STRICT_PROTOTYPES = YES;
				CLANG_WARN_SUSPICIOUS_MOVE = YES;
				CLANG_WARN_UNGUARDED_AVAILABILITY = YES_AGGRESSIVE;
				CLANG_WARN_UNREACHABLE_CODE = YES;
				CLANG_WARN__DUPLICATE_METHOD_MATCH = YES;
				COPY_PHASE_STRIP = NO;
				DEBUG_INFORMATION_FORMAT = "dwarf-with-dsym";
				ENABLE_NS_ASSERTIONS = NO;
				ENABLE_STRICT_OBJC_MSGSEND = YES;
				GCC_C_LANGUAGE_STANDARD = gnu11;
				GCC_NO_COMMON_BLOCKS = YES;
				GCC_WARN_64_TO_32_BIT_CONVERSION = YES;
				GCC_WARN_ABOUT_RETURN_TYPE = YES_ERROR;
				GCC_WARN_UNDECLARED_SELECTOR = YES;
				GCC_WARN_UNINITIALIZED_AUTOS = YES_AGGRESSIVE;
				GCC_WARN_UNUSED_FUNCTION = YES;
				GCC_WARN_UNUSED_VARIABLE = YES;
				IPHONEOS_DEPLOYMENT_TARGET = 13.0;
				MTL_ENABLE_DEBUG_INFO = NO;
				MTL_FAST_MATH = YES;
				SDKROOT = iphoneos;
				SWIFT_COMPILATION_MODE = wholemodule;
				SWIFT_OPTIMIZATION_LEVEL = "-O";
				VALIDATE_PRODUCT = YES;
			};
			name = Release;
		};
		B4CE22A122AC0D6300CF11D2 /* Debug */ = {
			isa = XCBuildConfiguration;
			buildSettings = {
				ASSETCATALOG_COMPILER_APPICON_NAME = AppIcon;
				CODE_SIGN_STYLE = Automatic;
				DEVELOPMENT_ASSET_PATHS = AppStoreLayout/PreviewAssets.xcassets;
				DEVELOPMENT_TEAM = 8BY45P95BN;
				INFOPLIST_FILE = AppStoreLayout/Info.plist;
				LD_RUNPATH_SEARCH_PATHS = (
					"$(inherited)",
					"@executable_path/Frameworks",
				);
				PRODUCT_BUNDLE_IDENTIFIER = com.juanlaube.AppStoreLayout;
				PRODUCT_NAME = "$(TARGET_NAME)";
				SWIFT_VERSION = 5.0;
				TARGETED_DEVICE_FAMILY = "1,2";
			};
			name = Debug;
		};
		B4CE22A222AC0D6300CF11D2 /* Release */ = {
			isa = XCBuildConfiguration;
			buildSettings = {
				ASSETCATALOG_COMPILER_APPICON_NAME = AppIcon;
				CODE_SIGN_STYLE = Automatic;
				DEVELOPMENT_ASSET_PATHS = AppStoreLayout/PreviewAssets.xcassets;
				DEVELOPMENT_TEAM = 8BY45P95BN;
				INFOPLIST_FILE = AppStoreLayout/Info.plist;
				LD_RUNPATH_SEARCH_PATHS = (
					"$(inherited)",
					"@executable_path/Frameworks",
				);
				PRODUCT_BUNDLE_IDENTIFIER = com.juanlaube.AppStoreLayout;
				PRODUCT_NAME = "$(TARGET_NAME)";
				SWIFT_VERSION = 5.0;
				TARGETED_DEVICE_FAMILY = "1,2";
			};
			name = Release;
		};
/* End XCBuildConfiguration section */

/* Begin XCConfigurationList section */
		B4CE228722AC0D6300CF11D2 /* Build configuration list for PBXProject "AppStoreLayout" */ = {
			isa = XCConfigurationList;
			buildConfigurations = (
				B4CE229E22AC0D6300CF11D2 /* Debug */,
				B4CE229F22AC0D6300CF11D2 /* Release */,
			);
			defaultConfigurationIsVisible = 0;
			defaultConfigurationName = Release;
		};
		B4CE22A022AC0D6300CF11D2 /* Build configuration list for PBXNativeTarget "AppStoreLayout" */ = {
			isa = XCConfigurationList;
			buildConfigurations = (
				B4CE22A122AC0D6300CF11D2 /* Debug */,
				B4CE22A222AC0D6300CF11D2 /* Release */,
			);
			defaultConfigurationIsVisible = 0;
			defaultConfigurationName = Release;
		};
/* End XCConfigurationList section */
	};
	rootObject = B4CE228422AC0D6300CF11D2 /* Project object */;
}
